<?xml version="1.0" encoding="utf-8"?>
<Project ToolsVersion="4.0" xmlns="http://schemas.microsoft.com/developer/msbuild/2003">
  <ItemGroup>
    <Filter Include="Source Files">
      <UniqueIdentifier>{4FC737F1-C7A5-4376-A066-2A32D752A2FF}</UniqueIdentifier>
      <Extensions>cpp;c;cc;cxx;c++;cppm;ixx;def;odl;idl;hpj;bat;asm;asmx</Extensions>
    </Filter>
    <Filter Include="Header Files">
      <UniqueIdentifier>{93995380-89BD-4b04-88EB-625FBE52EBFB}</UniqueIdentifier>
      <Extensions>h;hh;hpp;hxx;h++;hm;inl;inc;ipp;xsd</Extensions>
    </Filter>
    <Filter Include="Resource Files">
      <UniqueIdentifier>{67DA6AB6-F800-4c08-8B7A-83BB121AAD01}</UniqueIdentifier>
      <Extensions>rc;ico;cur;bmp;dlg;rc2;rct;bin;rgs;gif;jpg;jpeg;jpe;resx;tiff;tif;png;wav;mfcribbon-ms</Extensions>
    </Filter>
    <Filter Include="SDK">
      <UniqueIdentifier>{f076711b-bf1c-4640-8ed3-8cb93745114e}</UniqueIdentifier>
    </Filter>
    <Filter Include="Header Files\HTTP">
      <UniqueIdentifier>{a67fb5e0-97bb-4948-86d4-b852d735f589}</UniqueIdentifier>
    </Filter>
  </ItemGroup>
  <ItemGroup>
    <ClInclude Include="pch.h">
      <Filter>Header Files</Filter>
    </ClInclude>
    <ClInclude Include="Offsets.h">
      <Filter>Header Files</Filter>
    </ClInclude>
    <ClInclude Include="SDK.hpp">
      <Filter>SDK</Filter>
    </ClInclude>
    <ClInclude Include="UnrealContainers.hpp">
      <Filter>SDK</Filter>
    </ClInclude>
    <ClInclude Include="PropertyFixup.hpp">
      <Filter>SDK</Filter>
    </ClInclude>
    <ClInclude Include="GameMode.h">
      <Filter>Header Files</Filter>
    </ClInclude>
    <ClInclude Include="Player.h">
      <Filter>Header Files</Filter>
    </ClInclude>
    <ClInclude Include="Utils.h">
      <Filter>Header Files</Filter>
    </ClInclude>
    <ClInclude Include="Misc.h">
      <Filter>Header Files</Filter>
    </ClInclude>
    <ClInclude Include="Inventory.h">
      <Filter>Header Files</Filter>
    </ClInclude>
    <ClInclude Include="MinHook.h">
      <Filter>Header Files</Filter>
    </ClInclude>
    <ClInclude Include="Abilities.h">
      <Filter>Header Files</Filter>
    </ClInclude>
    <ClInclude Include="Looting.h">
      <Filter>Header Files</Filter>
    </ClInclude>
    <ClInclude Include="Vehicles.h">
      <Filter>Header Files</Filter>
    </ClInclude>
    <ClInclude Include="Bots.h">
      <Filter>Header Files</Filter>
    </ClInclude>
    <ClInclude Include="Building.h">
      <Filter>Header Files</Filter>
    </ClInclude>
    <ClInclude Include="LateGame.h">
      <Filter>Header Files</Filter>
    </ClInclude>
    <ClInclude Include="Teams.h">
      <Filter>Header Files</Filter>
    </ClInclude>
    <ClInclude Include="Globals.h">
      <Filter>Header Files</Filter>
    </ClInclude>
    <ClInclude Include="XP.h">
      <Filter>Header Files</Filter>
    </ClInclude>
    <ClInclude Include="Defs.h">
      <Filter>Header Files</Filter>
    </ClInclude>
    <ClInclude Include="JsonObject.h">
      <Filter>Header Files\HTTP</Filter>
    </ClInclude>
    <ClInclude Include="NativeHTTP.h">
      <Filter>Header Files\HTTP</Filter>
    </ClInclude>
    <ClInclude Include="PlayerBots.h">
      <Filter>Header Files</Filter>
    </ClInclude>
  </ItemGroup>
  <ItemGroup>
    <ClCompile Include="dllmain.cpp">
      <Filter>Source Files</Filter>
    </ClCompile>
    <ClCompile Include="pch.cpp">
      <Filter>Source Files</Filter>
    </ClCompile>
    <ClCompile Include="SDK\Basic.cpp">
      <Filter>SDK</Filter>
    </ClCompile>
    <ClCompile Include="SDK\CoreUObject_functions.cpp">
      <Filter>SDK</Filter>
    </ClCompile>
    <ClCompile Include="SDK\Engine_functions.cpp">
      <Filter>SDK</Filter>
    </ClCompile>
    <ClCompile Include="SDK\FortniteGame_functions.cpp">
      <Filter>SDK</Filter>
    </ClCompile>
    <ClCompile Include="SDK\GameplayAbilities_functions.cpp">
      <Filter>SDK</Filter>
    </ClCompile>
    <ClCompile Include="SDK\ValetRuntime_functions.cpp">
      <Filter>SDK</Filter>
    </ClCompile>
    <ClCompile Include="SDK\B_Prj_Athena_Consumable_Thrown_functions.cpp">
      <Filter>SDK</Filter>
    </ClCompile>
    <ClCompile Include="SDK\AIModule_functions.cpp">
      <Filter>SDK</Filter>
    </ClCompile>
    <ClCompile Include="SDK\BP_MangPlayerPawn_Parent_functions.cpp">
      <Filter>SDK</Filter>
    </ClCompile>
  </ItemGroup>
  <ItemGroup>
    <None Include="NameCollisions.inl">
      <Filter>SDK</Filter>
    </None>
  </ItemGroup>
</Project>